
Microsoft Visual Studio Solution File, Format Version 12.00
# Visual Studio Version 17
VisualStudioVersion = 17.0.31903.59
MinimumVisualStudioVersion = 10.0.40219.1
Project("{FAE04EC0-301F-11D3-BF4B-00C04F79EFBC}") = "Api", "Api\Api.csproj", "{24114D75-D69E-42AC-94A3-EE3D8D26155B}"
EndProject
Project("{FAE04EC0-301F-11D3-BF4B-00C04F79EFBC}") = "Application", "Application\Application.csproj", "{696E54C3-0280-4C67-BF39-8E44036EFEB2}"
EndProject
Project("{FAE04EC0-301F-11D3-BF4B-00C04F79EFBC}") = "Domain", "Domain\Domain.csproj", "{469AFA73-AF86-4840-AFB1-CB524681DB4F}"
EndProject
Project("{FAE04EC0-301F-11D3-BF4B-00C04F79EFBC}") = "Infrastructure", "Infrastructure\Infrastructure.csproj", "{E268A633-99C8-4CE9-891F-9017BF1E4CD6}"
EndProject
Project("{FAE04EC0-301F-11D3-BF4B-00C04F79EFBC}") = "Tests", "Tests\Tests.csproj", "{662FA50D-64CE-496C-A558-0475821973D4}"
EndProject
Project("{FAE04EC0-301F-11D3-BF4B-00C04F79EFBC}") = "Contracts", "Contracts\Contracts.csproj", "{A73E7975-CEAB-490A-B46B-0C16F6535014}"
EndProject
Global
	GlobalSection(SolutionConfigurationPlatforms) = preSolution
		Debug|Any CPU = Debug|Any CPU
		Debug|x64 = Debug|x64
		Debug|x86 = Debug|x86
		Release|Any CPU = Release|Any CPU
		Release|x64 = Release|x64
		Release|x86 = Release|x86
	EndGlobalSection
	GlobalSection(ProjectConfigurationPlatforms) = postSolution
		{24114D75-D69E-42AC-94A3-EE3D8D26155B}.Debug|Any CPU.ActiveCfg = Debug|Any CPU
		{24114D75-D69E-42AC-94A3-EE3D8D26155B}.Debug|Any CPU.Build.0 = Debug|Any CPU
		{24114D75-D69E-42AC-94A3-EE3D8D26155B}.Debug|x64.ActiveCfg = Debug|Any CPU
		{24114D75-D69E-42AC-94A3-EE3D8D26155B}.Debug|x64.Build.0 = Debug|Any CPU
		{24114D75-D69E-42AC-94A3-EE3D8D26155B}.Debug|x86.ActiveCfg = Debug|Any CPU
		{24114D75-D69E-42AC-94A3-EE3D8D26155B}.Debug|x86.Build.0 = Debug|Any CPU
		{24114D75-D69E-42AC-94A3-EE3D8D26155B}.Release|Any CPU.ActiveCfg = Release|Any CPU
		{24114D75-D69E-42AC-94A3-EE3D8D26155B}.Release|Any CPU.Build.0 = Release|Any CPU
		{24114D75-D69E-42AC-94A3-EE3D8D26155B}.Release|x64.ActiveCfg = Release|Any CPU
		{24114D75-D69E-42AC-94A3-EE3D8D26155B}.Release|x64.Build.0 = Release|Any CPU
		{24114D75-D69E-42AC-94A3-EE3D8D26155B}.Release|x86.ActiveCfg = Release|Any CPU
		{24114D75-D69E-42AC-94A3-EE3D8D26155B}.Release|x86.Build.0 = Release|Any CPU
		{696E54C3-0280-4C67-BF39-8E44036EFEB2}.Debug|Any CPU.ActiveCfg = Debug|Any CPU
		{696E54C3-0280-4C67-BF39-8E44036EFEB2}.Debug|Any CPU.Build.0 = Debug|Any CPU
		{696E54C3-0280-4C67-BF39-8E44036EFEB2}.Debug|x64.ActiveCfg = Debug|Any CPU
		{696E54C3-0280-4C67-BF39-8E44036EFEB2}.Debug|x64.Build.0 = Debug|Any CPU
		{696E54C3-0280-4C67-BF39-8E44036EFEB2}.Debug|x86.ActiveCfg = Debug|Any CPU
		{696E54C3-0280-4C67-BF39-8E44036EFEB2}.Debug|x86.Build.0 = Debug|Any CPU
		{696E54C3-0280-4C67-BF39-8E44036EFEB2}.Release|Any CPU.ActiveCfg = Release|Any CPU
		{696E54C3-0280-4C67-BF39-8E44036EFEB2}.Release|Any CPU.Build.0 = Release|Any CPU
		{696E54C3-0280-4C67-BF39-8E44036EFEB2}.Release|x64.ActiveCfg = Release|Any CPU
		{696E54C3-0280-4C67-BF39-8E44036EFEB2}.Release|x64.Build.0 = Release|Any CPU
		{696E54C3-0280-4C67-BF39-8E44036EFEB2}.Release|x86.ActiveCfg = Release|Any CPU
		{696E54C3-0280-4C67-BF39-8E44036EFEB2}.Release|x86.Build.0 = Release|Any CPU
		{469AFA73-AF86-4840-AFB1-CB524681DB4F}.Debug|Any CPU.ActiveCfg = Debug|Any CPU
		{469AFA73-AF86-4840-AFB1-CB524681DB4F}.Debug|Any CPU.Build.0 = Debug|Any CPU
		{469AFA73-AF86-4840-AFB1-CB524681DB4F}.Debug|x64.ActiveCfg = Debug|Any CPU
		{469AFA73-AF86-4840-AFB1-CB524681DB4F}.Debug|x64.Build.0 = Debug|Any CPU
		{469AFA73-AF86-4840-AFB1-CB524681DB4F}.Debug|x86.ActiveCfg = Debug|Any CPU
		{469AFA73-AF86-4840-AFB1-CB524681DB4F}.Debug|x86.Build.0 = Debug|Any CPU
		{469AFA73-AF86-4840-AFB1-CB524681DB4F}.Release|Any CPU.ActiveCfg = Release|Any CPU
		{469AFA73-AF86-4840-AFB1-CB524681DB4F}.Release|Any CPU.Build.0 = Release|Any CPU
		{469AFA73-AF86-4840-AFB1-CB524681DB4F}.Release|x64.ActiveCfg = Release|Any CPU
		{469AFA73-AF86-4840-AFB1-CB524681DB4F}.Release|x64.Build.0 = Release|Any CPU
		{469AFA73-AF86-4840-AFB1-CB524681DB4F}.Release|x86.ActiveCfg = Release|Any CPU
		{469AFA73-AF86-4840-AFB1-CB524681DB4F}.Release|x86.Build.0 = Release|Any CPU
		{E268A633-99C8-4CE9-891F-9017BF1E4CD6}.Debug|Any CPU.ActiveCfg = Debug|Any CPU
		{E268A633-99C8-4CE9-891F-9017BF1E4CD6}.Debug|Any CPU.Build.0 = Debug|Any CPU
		{E268A633-99C8-4CE9-891F-9017BF1E4CD6}.Debug|x64.ActiveCfg = Debug|Any CPU
		{E268A633-99C8-4CE9-891F-9017BF1E4CD6}.Debug|x64.Build.0 = Debug|Any CPU
		{E268A633-99C8-4CE9-891F-9017BF1E4CD6}.Debug|x86.ActiveCfg = Debug|Any CPU
		{E268A633-99C8-4CE9-891F-9017BF1E4CD6}.Debug|x86.Build.0 = Debug|Any CPU
		{E268A633-99C8-4CE9-891F-9017BF1E4CD6}.Release|Any CPU.ActiveCfg = Release|Any CPU
		{E268A633-99C8-4CE9-891F-9017BF1E4CD6}.Release|Any CPU.Build.0 = Release|Any CPU
		{E268A633-99C8-4CE9-891F-9017BF1E4CD6}.Release|x64.ActiveCfg = Release|Any CPU
		{E268A633-99C8-4CE9-891F-9017BF1E4CD6}.Release|x64.Build.0 = Release|Any CPU
		{E268A633-99C8-4CE9-891F-9017BF1E4CD6}.Release|x86.ActiveCfg = Release|Any CPU
		{E268A633-99C8-4CE9-891F-9017BF1E4CD6}.Release|x86.Build.0 = Release|Any CPU
		{662FA50D-64CE-496C-A558-0475821973D4}.Debug|Any CPU.ActiveCfg = Debug|Any CPU
		{662FA50D-64CE-496C-A558-0475821973D4}.Debug|Any CPU.Build.0 = Debug|Any CPU
		{662FA50D-64CE-496C-A558-0475821973D4}.Debug|x64.ActiveCfg = Debug|Any CPU
		{662FA50D-64CE-496C-A558-0475821973D4}.Debug|x64.Build.0 = Debug|Any CPU
		{662FA50D-64CE-496C-A558-0475821973D4}.Debug|x86.ActiveCfg = Debug|Any CPU
		{662FA50D-64CE-496C-A558-0475821973D4}.Debug|x86.Build.0 = Debug|Any CPU
		{662FA50D-64CE-496C-A558-0475821973D4}.Release|Any CPU.ActiveCfg = Release|Any CPU
		{662FA50D-64CE-496C-A558-0475821973D4}.Release|Any CPU.Build.0 = Release|Any CPU
		{662FA50D-64CE-496C-A558-0475821973D4}.Release|x64.ActiveCfg = Release|Any CPU
		{662FA50D-64CE-496C-A558-0475821973D4}.Release|x64.Build.0 = Release|Any CPU
		{662FA50D-64CE-496C-A558-0475821973D4}.Release|x86.ActiveCfg = Release|Any CPU
		{662FA50D-64CE-496C-A558-0475821973D4}.Release|x86.Build.0 = Release|Any CPU
		{A73E7975-CEAB-490A-B46B-0C16F6535014}.Debug|Any CPU.ActiveCfg = Debug|Any CPU
		{A73E7975-CEAB-490A-B46B-0C16F6535014}.Debug|Any CPU.Build.0 = Debug|Any CPU
		{A73E7975-CEAB-490A-B46B-0C16F6535014}.Debug|x64.ActiveCfg = Debug|Any CPU
		{A73E7975-CEAB-490A-B46B-0C16F6535014}.Debug|x64.Build.0 = Debug|Any CPU
		{A73E7975-CEAB-490A-B46B-0C16F6535014}.Debug|x86.ActiveCfg = Debug|Any CPU
		{A73E7975-CEAB-490A-B46B-0C16F6535014}.Debug|x86.Build.0 = Debug|Any CPU
		{A73E7975-CEAB-490A-B46B-0C16F6535014}.Release|Any CPU.ActiveCfg = Release|Any CPU
		{A73E7975-CEAB-490A-B46B-0C16F6535014}.Release|Any CPU.Build.0 = Release|Any CPU
		{A73E7975-CEAB-490A-B46B-0C16F6535014}.Release|x64.ActiveCfg = Release|Any CPU
		{A73E7975-CEAB-490A-B46B-0C16F6535014}.Release|x64.Build.0 = Release|Any CPU
		{A73E7975-CEAB-490A-B46B-0C16F6535014}.Release|x86.ActiveCfg = Release|Any CPU
		{A73E7975-CEAB-490A-B46B-0C16F6535014}.Release|x86.Build.0 = Release|Any CPU
	EndGlobalSection
	GlobalSection(SolutionProperties) = preSolution
		HideSolutionNode = FALSE
	EndGlobalSection
	GlobalSection(ExtensibilityGlobals) = postSolution
		SolutionGuid = {93A24302-66E4-49D0-A103-E87D20E10002}
	EndGlobalSection
EndGlobal
