Microsoft Visual Studio Solution File, Format Version 12.00
# Visual Studio Version 17
VisualStudioVersion = 17.0.31903.59
MinimumVisualStudioVersion = 10.0.40219.1
Project("{FAE04EC0-301F-11D3-BF4B-00C04F79EFBC}") = "Api", "Api\Api.csproj", "{24114D75-D69E-42AC-94A3-EE3D8D26155B}"
EndProject
Project("{FAE04EC0-301F-11D3-BF4B-00C04F79EFBC}") = "Application", "Application\Application.csproj", "{696E54C3-0280-4C67-BF39-8E44036EFEB2}"
EndProject
Project("{FAE04EC0-301F-11D3-BF4B-00C04F79EFBC}") = "Domain", "Domain\Domain.csproj", "{469AFA73-AF86-4840-AFB1-CB524681DB4F}"
EndProject
Project("{FAE04EC0-301F-11D3-BF4B-00C04F79EFBC}") = "Infrastructure", "Infrastructure\Infrastructure.csproj", "{E268A633-99C8-4CE9-891F-9017BF1E4CD6}"
EndProject
Project("{FAE04EC0-301F-11D3-BF4B-00C04F79EFBC}") = "Contracts", "Contracts\Contracts.csproj", "{A73E7975-CEAB-490A-B46B-0C16F6535014}"
EndProject
Project("{FAE04EC0-301F-11D3-BF4B-00C04F79EFBC}") = "Domain.Tests", "Domain.Tests\Domain.Tests.csproj", "{84AFE432-8098-426C-A26E-749302495504}"
EndProject
Project("{FAE04EC0-301F-11D3-BF4B-00C04F79EFBC}") = "Application.Tests", "Application.Tests\Application.Tests.csproj", "{DB36B852-71C4-4C35-8622-38A9667B0CF8}"
EndProject
Project("{FAE04EC0-301F-11D3-BF4B-00C04F79EFBC}") = "Infrastructure.Tests", "Infrastructure.Tests\Infrastructure.Tests.csproj", "{0BBA35C0-6A11-4C2D-9CEC-6B7BDE699130}"
EndProject
Project("{FAE04EC0-301F-11D3-BF4B-00C04F79EFBC}") = "Api.E2E.Tests", "Api.E2E.Tests\Api.E2E.Tests.csproj", "{AA23A2B0-7E2A-4827-AD0A-2205579DB9F4}"
EndProject
Project("{2150E333-8FDC-42A3-9474-1A3956D46DE8}") = "Tests", "Tests", "{0AB3BF05-4346-4AA6-1389-037BE0695223}"
EndProject
Global
	GlobalSection(SolutionConfigurationPlatforms) = preSolution
		Debug|Any CPU = Debug|Any CPU
		Debug|x64 = Debug|x64
		Debug|x86 = Debug|x86
		Release|Any CPU = Release|Any CPU
		Release|x64 = Release|x64
		Release|x86 = Release|x86
	EndGlobalSection
	GlobalSection(ProjectConfigurationPlatforms) = postSolution
		{24114D75-D69E-42AC-94A3-EE3D8D26155B}.Debug|Any CPU.ActiveCfg = Debug|Any CPU
		{24114D75-D69E-42AC-94A3-EE3D8D26155B}.Debug|Any CPU.Build.0 = Debug|Any CPU
		{24114D75-D69E-42AC-94A3-EE3D8D26155B}.Debug|x64.ActiveCfg = Debug|Any CPU
		{24114D75-D69E-42AC-94A3-EE3D8D26155B}.Debug|x64.Build.0 = Debug|Any CPU
		{24114D75-D69E-42AC-94A3-EE3D8D26155B}.Debug|x86.ActiveCfg = Debug|Any CPU
		{24114D75-D69E-42AC-94A3-EE3D8D26155B}.Debug|x86.Build.0 = Debug|Any CPU
		{24114D75-D69E-42AC-94A3-EE3D8D26155B}.Release|Any CPU.ActiveCfg = Release|Any CPU
		{24114D75-D69E-42AC-94A3-EE3D8D26155B}.Release|Any CPU.Build.0 = Release|Any CPU
		{24114D75-D69E-42AC-94A3-EE3D8D26155B}.Release|x64.ActiveCfg = Release|Any CPU
		{24114D75-D69E-42AC-94A3-EE3D8D26155B}.Release|x64.Build.0 = Release|Any CPU
		{24114D75-D69E-42AC-94A3-EE3D8D26155B}.Release|x86.ActiveCfg = Release|Any CPU
		{24114D75-D69E-42AC-94A3-EE3D8D26155B}.Release|x86.Build.0 = Release|Any CPU
		{696E54C3-0280-4C67-BF39-8E44036EFEB2}.Debug|Any CPU.ActiveCfg = Debug|Any CPU
		{696E54C3-0280-4C67-BF39-8E44036EFEB2}.Debug|Any CPU.Build.0 = Debug|Any CPU
		{696E54C3-0280-4C67-BF39-8E44036EFEB2}.Debug|x64.ActiveCfg = Debug|Any CPU
		{696E54C3-0280-4C67-BF39-8E44036EFEB2}.Debug|x64.Build.0 = Debug|Any CPU
		{696E54C3-0280-4C67-BF39-8E44036EFEB2}.Debug|x86.ActiveCfg = Debug|Any CPU
		{696E54C3-0280-4C67-BF39-8E44036EFEB2}.Debug|x86.Build.0 = Debug|Any CPU
		{696E54C3-0280-4C67-BF39-8E44036EFEB2}.Release|Any CPU.ActiveCfg = Release|Any CPU
		{696E54C3-0280-4C67-BF39-8E44036EFEB2}.Release|Any CPU.Build.0 = Release|Any CPU
		{696E54C3-0280-4C67-BF39-8E44036EFEB2}.Release|x64.ActiveCfg = Release|Any CPU
		{696E54C3-0280-4C67-BF39-8E44036EFEB2}.Release|x64.Build.0 = Release|Any CPU
		{696E54C3-0280-4C67-BF39-8E44036EFEB2}.Release|x86.ActiveCfg = Release|Any CPU
		{696E54C3-0280-4C67-BF39-8E44036EFEB2}.Release|x86.Build.0 = Release|Any CPU
		{469AFA73-AF86-4840-AFB1-CB524681DB4F}.Debug|Any CPU.ActiveCfg = Debug|Any CPU
		{469AFA73-AF86-4840-AFB1-CB524681DB4F}.Debug|Any CPU.Build.0 = Debug|Any CPU
		{469AFA73-AF86-4840-AFB1-CB524681DB4F}.Debug|x64.ActiveCfg = Debug|Any CPU
		{469AFA73-AF86-4840-AFB1-CB524681DB4F}.Debug|x64.Build.0 = Debug|Any CPU
		{469AFA73-AF86-4840-AFB1-CB524681DB4F}.Debug|x86.ActiveCfg = Debug|Any CPU
		{469AFA73-AF86-4840-AFB1-CB524681DB4F}.Debug|x86.Build.0 = Debug|Any CPU
		{469AFA73-AF86-4840-AFB1-CB524681DB4F}.Release|Any CPU.ActiveCfg = Release|Any CPU
		{469AFA73-AF86-4840-AFB1-CB524681DB4F}.Release|Any CPU.Build.0 = Release|Any CPU
		{469AFA73-AF86-4840-AFB1-CB524681DB4F}.Release|x64.ActiveCfg = Release|Any CPU
		{469AFA73-AF86-4840-AFB1-CB524681DB4F}.Release|x64.Build.0 = Release|Any CPU
		{469AFA73-AF86-4840-AFB1-CB524681DB4F}.Release|x86.ActiveCfg = Release|Any CPU
		{469AFA73-AF86-4840-AFB1-CB524681DB4F}.Release|x86.Build.0 = Release|Any CPU
		{E268A633-99C8-4CE9-891F-9017BF1E4CD6}.Debug|Any CPU.ActiveCfg = Debug|Any CPU
		{E268A633-99C8-4CE9-891F-9017BF1E4CD6}.Debug|Any CPU.Build.0 = Debug|Any CPU
		{E268A633-99C8-4CE9-891F-9017BF1E4CD6}.Debug|x64.ActiveCfg = Debug|Any CPU
		{E268A633-99C8-4CE9-891F-9017BF1E4CD6}.Debug|x64.Build.0 = Debug|Any CPU
		{E268A633-99C8-4CE9-891F-9017BF1E4CD6}.Debug|x86.ActiveCfg = Debug|Any CPU
		{E268A633-99C8-4CE9-891F-9017BF1E4CD6}.Debug|x86.Build.0 = Debug|Any CPU
		{E268A633-99C8-4CE9-891F-9017BF1E4CD6}.Release|Any CPU.ActiveCfg = Release|Any CPU
		{E268A633-99C8-4CE9-891F-9017BF1E4CD6}.Release|Any CPU.Build.0 = Release|Any CPU
		{E268A633-99C8-4CE9-891F-9017BF1E4CD6}.Release|x64.ActiveCfg = Release|Any CPU
		{E268A633-99C8-4CE9-891F-9017BF1E4CD6}.Release|x64.Build.0 = Release|Any CPU
		{E268A633-99C8-4CE9-891F-9017BF1E4CD6}.Release|x86.ActiveCfg = Release|Any CPU
		{E268A633-99C8-4CE9-891F-9017BF1E4CD6}.Release|x86.Build.0 = Release|Any CPU
		{A73E7975-CEAB-490A-B46B-0C16F6535014}.Debug|Any CPU.ActiveCfg = Debug|Any CPU
		{A73E7975-CEAB-490A-B46B-0C16F6535014}.Debug|Any CPU.Build.0 = Debug|Any CPU
		{A73E7975-CEAB-490A-B46B-0C16F6535014}.Debug|x64.ActiveCfg = Debug|Any CPU
		{A73E7975-CEAB-490A-B46B-0C16F6535014}.Debug|x64.Build.0 = Debug|Any CPU
		{A73E7975-CEAB-490A-B46B-0C16F6535014}.Debug|x86.ActiveCfg = Debug|Any CPU
		{A73E7975-CEAB-490A-B46B-0C16F6535014}.Debug|x86.Build.0 = Debug|Any CPU
		{A73E7975-CEAB-490A-B46B-0C16F6535014}.Release|Any CPU.ActiveCfg = Release|Any CPU
		{A73E7975-CEAB-490A-B46B-0C16F6535014}.Release|Any CPU.Build.0 = Release|Any CPU
		{A73E7975-CEAB-490A-B46B-0C16F6535014}.Release|x64.ActiveCfg = Release|Any CPU
		{A73E7975-CEAB-490A-B46B-0C16F6535014}.Release|x64.Build.0 = Release|Any CPU
		{A73E7975-CEAB-490A-B46B-0C16F6535014}.Release|x86.ActiveCfg = Release|Any CPU
		{A73E7975-CEAB-490A-B46B-0C16F6535014}.Release|x86.Build.0 = Release|Any CPU
		{84AFE432-8098-426C-A26E-749302495504}.Debug|Any CPU.ActiveCfg = Debug|Any CPU
		{84AFE432-8098-426C-A26E-749302495504}.Debug|Any CPU.Build.0 = Debug|Any CPU
		{84AFE432-8098-426C-A26E-749302495504}.Debug|x64.ActiveCfg = Debug|Any CPU
		{84AFE432-8098-426C-A26E-749302495504}.Debug|x64.Build.0 = Debug|Any CPU
		{84AFE432-8098-426C-A26E-749302495504}.Debug|x86.ActiveCfg = Debug|Any CPU
		{84AFE432-8098-426C-A26E-749302495504}.Debug|x86.Build.0 = Debug|Any CPU
		{84AFE432-8098-426C-A26E-749302495504}.Release|Any CPU.ActiveCfg = Release|Any CPU
		{84AFE432-8098-426C-A26E-749302495504}.Release|Any CPU.Build.0 = Release|Any CPU
		{84AFE432-8098-426C-A26E-749302495504}.Release|x64.ActiveCfg = Release|Any CPU
		{84AFE432-8098-426C-A26E-749302495504}.Release|x64.Build.0 = Release|Any CPU
		{84AFE432-8098-426C-A26E-749302495504}.Release|x86.ActiveCfg = Release|Any CPU
		{84AFE432-8098-426C-A26E-749302495504}.Release|x86.Build.0 = Release|Any CPU
		{DB36B852-71C4-4C35-8622-38A9667B0CF8}.Debug|Any CPU.ActiveCfg = Debug|Any CPU
		{DB36B852-71C4-4C35-8622-38A9667B0CF8}.Debug|Any CPU.Build.0 = Debug|Any CPU
		{DB36B852-71C4-4C35-8622-38A9667B0CF8}.Debug|x64.ActiveCfg = Debug|Any CPU
		{DB36B852-71C4-4C35-8622-38A9667B0CF8}.Debug|x64.Build.0 = Debug|Any CPU
		{DB36B852-71C4-4C35-8622-38A9667B0CF8}.Debug|x86.ActiveCfg = Debug|Any CPU
		{DB36B852-71C4-4C35-8622-38A9667B0CF8}.Debug|x86.Build.0 = Debug|Any CPU
		{DB36B852-71C4-4C35-8622-38A9667B0CF8}.Release|Any CPU.ActiveCfg = Release|Any CPU
		{DB36B852-71C4-4C35-8622-38A9667B0CF8}.Release|Any CPU.Build.0 = Release|Any CPU
		{DB36B852-71C4-4C35-8622-38A9667B0CF8}.Release|x64.ActiveCfg = Release|Any CPU
		{DB36B852-71C4-4C35-8622-38A9667B0CF8}.Release|x64.Build.0 = Release|Any CPU
		{DB36B852-71C4-4C35-8622-38A9667B0CF8}.Release|x86.ActiveCfg = Release|Any CPU
		{DB36B852-71C4-4C35-8622-38A9667B0CF8}.Release|x86.Build.0 = Release|Any CPU
		{0BBA35C0-6A11-4C2D-9CEC-6B7BDE699130}.Debug|Any CPU.ActiveCfg = Debug|Any CPU
		{0BBA35C0-6A11-4C2D-9CEC-6B7BDE699130}.Debug|Any CPU.Build.0 = Debug|Any CPU
		{0BBA35C0-6A11-4C2D-9CEC-6B7BDE699130}.Debug|x64.ActiveCfg = Debug|Any CPU
		{0BBA35C0-6A11-4C2D-9CEC-6B7BDE699130}.Debug|x64.Build.0 = Debug|Any CPU
		{0BBA35C0-6A11-4C2D-9CEC-6B7BDE699130}.Debug|x86.ActiveCfg = Debug|Any CPU
		{0BBA35C0-6A11-4C2D-9CEC-6B7BDE699130}.Debug|x86.Build.0 = Debug|Any CPU
		{0BBA35C0-6A11-4C2D-9CEC-6B7BDE699130}.Release|Any CPU.ActiveCfg = Release|Any CPU
		{0BBA35C0-6A11-4C2D-9CEC-6B7BDE699130}.Release|Any CPU.Build.0 = Release|Any CPU
		{0BBA35C0-6A11-4C2D-9CEC-6B7BDE699130}.Release|x64.ActiveCfg = Release|Any CPU
		{0BBA35C0-6A11-4C2D-9CEC-6B7BDE699130}.Release|x64.Build.0 = Release|Any CPU
		{0BBA35C0-6A11-4C2D-9CEC-6B7BDE699130}.Release|x86.ActiveCfg = Release|Any CPU
		{0BBA35C0-6A11-4C2D-9CEC-6B7BDE699130}.Release|x86.Build.0 = Release|Any CPU
		{AA23A2B0-7E2A-4827-AD0A-2205579DB9F4}.Debug|Any CPU.ActiveCfg = Debug|Any CPU
		{AA23A2B0-7E2A-4827-AD0A-2205579DB9F4}.Debug|Any CPU.Build.0 = Debug|Any CPU
		{AA23A2B0-7E2A-4827-AD0A-2205579DB9F4}.Debug|x64.ActiveCfg = Debug|Any CPU
		{AA23A2B0-7E2A-4827-AD0A-2205579DB9F4}.Debug|x64.Build.0 = Debug|Any CPU
		{AA23A2B0-7E2A-4827-AD0A-2205579DB9F4}.Debug|x86.ActiveCfg = Debug|Any CPU
		{AA23A2B0-7E2A-4827-AD0A-2205579DB9F4}.Debug|x86.Build.0 = Debug|Any CPU
		{AA23A2B0-7E2A-4827-AD0A-2205579DB9F4}.Release|Any CPU.ActiveCfg = Release|Any CPU
		{AA23A2B0-7E2A-4827-AD0A-2205579DB9F4}.Release|Any CPU.Build.0 = Release|Any CPU
		{AA23A2B0-7E2A-4827-AD0A-2205579DB9F4}.Release|x64.ActiveCfg = Release|Any CPU
		{AA23A2B0-7E2A-4827-AD0A-2205579DB9F4}.Release|x64.Build.0 = Release|Any CPU
		{AA23A2B0-7E2A-4827-AD0A-2205579DB9F4}.Release|x86.ActiveCfg = Release|Any CPU
		{AA23A2B0-7E2A-4827-AD0A-2205579DB9F4}.Release|x86.Build.0 = Release|Any CPU
	EndGlobalSection
	GlobalSection(SolutionProperties) = preSolution
		HideSolutionNode = FALSE
	EndGlobalSection
	GlobalSection(NestedProjects) = preSolution
		{84AFE432-8098-426C-A26E-749302495504} = {0AB3BF05-4346-4AA6-1389-037BE0695223}
		{DB36B852-71C4-4C35-8622-38A9667B0CF8} = {0AB3BF05-4346-4AA6-1389-037BE0695223}
		{0BBA35C0-6A11-4C2D-9CEC-6B7BDE699130} = {0AB3BF05-4346-4AA6-1389-037BE0695223}
		{AA23A2B0-7E2A-4827-AD0A-2205579DB9F4} = {0AB3BF05-4346-4AA6-1389-037BE0695223}
	EndGlobalSection
	GlobalSection(ExtensibilityGlobals) = postSolution
		SolutionGuid = {93A24302-66E4-49D0-A103-E87D20E10002}
	EndGlobalSection
EndGlobal
